<?xml version="1.0" encoding="utf-8"?>
<Project ToolsVersion="4.0" xmlns="http://schemas.microsoft.com/developer/msbuild/2003">
  <ItemGroup>
    <Filter Include="Resource Files">
      <UniqueIdentifier>{67DA6AB6-F800-4c08-8B7A-83BB121AAD01}</UniqueIdentifier>
      <Extensions>rc;ico;cur;bmp;dlg;rc2;rct;bin;rgs;gif;jpg;jpeg;jpe;resx;tiff;tif;png;wav;mfcribbon-ms</Extensions>
    </Filter>
    <Filter Include="inc">
      <UniqueIdentifier>{93995380-89BD-4b04-88EB-625FBE52EBFB}</UniqueIdentifier>
      <Extensions>h;hh;hpp;hxx;h++;hm;inl;inc;ipp;xsd</Extensions>
    </Filter>
    <Filter Include="src">
      <UniqueIdentifier>{4FC737F1-C7A5-4376-A066-2A32D752A2FF}</UniqueIdentifier>
      <Extensions>cpp;c;cc;cxx;c++;cppm;ixx;def;odl;idl;hpj;bat;asm;asmx</Extensions>
    </Filter>
    <Filter Include="libsrc">
      <UniqueIdentifier>{b3c72b9d-7f05-48c9-9864-7a9cc9cbebd1}</UniqueIdentifier>
    </Filter>
  </ItemGroup>
  <ItemGroup>
    <ClInclude Include="inc\buffer.h">
      <Filter>inc</Filter>
    </ClInclude>
    <ClInclude Include="inc\command_buffer.h">
      <Filter>inc</Filter>
    </ClInclude>
    <ClInclude Include="inc\common.h">
      <Filter>inc</Filter>
    </ClInclude>
    <ClInclude Include="inc\counted_ref.h">
      <Filter>inc</Filter>
    </ClInclude>
    <ClInclude Include="inc\debug.h">
      <Filter>inc</Filter>
    </ClInclude>
    <ClInclude Include="inc\draw_command.h">
      <Filter>inc</Filter>
    </ClInclude>
    <ClInclude Include="inc\engine.h">
      <Filter>inc</Filter>
    </ClInclude>
    <ClInclude Include="inc\font.h">
      <Filter>inc</Filter>
    </ClInclude>
    <ClInclude Include="inc\gizmo.h">
      <Filter>inc</Filter>
    </ClInclude>
    <ClInclude Include="inc\graphics_environment.h">
      <Filter>inc</Filter>
    </ClInclude>
    <ClInclude Include="inc\hop_engine.h">
      <Filter>inc</Filter>
    </ClInclude>
    <ClInclude Include="inc\hop_forward.h">
      <Filter>inc</Filter>
    </ClInclude>
    <ClInclude Include="inc\input.h">
      <Filter>inc</Filter>
    </ClInclude>
    <ClInclude Include="inc\material.h">
      <Filter>inc</Filter>
    </ClInclude>
    <ClInclude Include="inc\math_helpers.h">
      <Filter>inc</Filter>
    </ClInclude>
    <ClInclude Include="inc\mesh.h">
      <Filter>inc</Filter>
    </ClInclude>
    <ClInclude Include="inc\node_view.h">
      <Filter>inc</Filter>
    </ClInclude>
    <ClInclude Include="inc\object.h">
      <Filter>inc</Filter>
    </ClInclude>
    <ClInclude Include="inc\package.h">
      <Filter>inc</Filter>
    </ClInclude>
    <ClInclude Include="inc\pbr.h">
      <Filter>inc</Filter>
    </ClInclude>
    <ClInclude Include="inc\pipeline.h">
      <Filter>inc</Filter>
    </ClInclude>
    <ClInclude Include="inc\render_graph.h">
      <Filter>inc</Filter>
    </ClInclude>
    <ClInclude Include="inc\render_pass.h">
      <Filter>inc</Filter>
    </ClInclude>
    <ClInclude Include="inc\sampler.h">
      <Filter>inc</Filter>
    </ClInclude>
    <ClInclude Include="inc\scene.h">
      <Filter>inc</Filter>
    </ClInclude>
    <ClInclude Include="inc\shader.h">
      <Filter>inc</Filter>
    </ClInclude>
    <ClInclude Include="inc\swapchain.h">
      <Filter>inc</Filter>
    </ClInclude>
    <ClInclude Include="inc\text_block.h">
      <Filter>inc</Filter>
    </ClInclude>
    <ClInclude Include="inc\texture.h">
      <Filter>inc</Filter>
    </ClInclude>
    <ClInclude Include="inc\token_file.h">
      <Filter>inc</Filter>
    </ClInclude>
    <ClInclude Include="inc\transform.h">
      <Filter>inc</Filter>
    </ClInclude>
    <ClInclude Include="inc\uniform_block.h">
      <Filter>inc</Filter>
    </ClInclude>
    <ClInclude Include="inc\window.h">
      <Filter>inc</Filter>
    </ClInclude>
    <ClInclude Include="src\main.h">
      <Filter>src</Filter>
    </ClInclude>
    <ClInclude Include="inc\vulkan_typedefs.h">
      <Filter>inc</Filter>
    </ClInclude>
    <ClInclude Include="src\swapchain_vulkan.h">
      <Filter>inc</Filter>
    </ClInclude>
    <ClInclude Include="resource1.h">
      <Filter>inc</Filter>
    </ClInclude>
    <ClInclude Include="resource.h">
      <Filter>inc</Filter>
    </ClInclude>
  </ItemGroup>
  <ItemGroup>
    <ClCompile Include="lib\src\imgui.cpp">
      <Filter>libsrc</Filter>
    </ClCompile>
    <ClCompile Include="lib\src\imgui_demo.cpp">
      <Filter>libsrc</Filter>
    </ClCompile>
    <ClCompile Include="lib\src\imgui_draw.cpp">
      <Filter>libsrc</Filter>
    </ClCompile>
    <ClCompile Include="lib\src\imgui_impl_glfw.cpp">
      <Filter>libsrc</Filter>
    </ClCompile>
    <ClCompile Include="lib\src\imgui_impl_vulkan.cpp">
      <Filter>libsrc</Filter>
    </ClCompile>
    <ClCompile Include="lib\src\imgui_tables.cpp">
      <Filter>libsrc</Filter>
    </ClCompile>
    <ClCompile Include="lib\src\imgui_widgets.cpp">
      <Filter>libsrc</Filter>
    </ClCompile>
    <ClCompile Include="lib\src\spirv_reflect.c">
      <Filter>libsrc</Filter>
    </ClCompile>
    <ClCompile Include="lib\src\spirv_reflect.cpp">
      <Filter>libsrc</Filter>
    </ClCompile>
    <ClCompile Include="src\main.cpp">
      <Filter>src</Filter>
    </ClCompile>
    <ClCompile Include="src\engine.cpp">
      <Filter>src</Filter>
    </ClCompile>
    <ClCompile Include="src\deserialise.cpp">
      <Filter>src</Filter>
    </ClCompile>
    <ClCompile Include="src\imgui_functions.cpp">
      <Filter>src</Filter>
    </ClCompile>
    <ClCompile Include="src\object.cpp">
      <Filter>src</Filter>
    </ClCompile>
    <ClCompile Include="src\scene.cpp">
      <Filter>src</Filter>
    </ClCompile>
    <ClCompile Include="src\input.cpp">
      <Filter>src</Filter>
    </ClCompile>
    <ClCompile Include="src\render_graph.cpp">
      <Filter>src</Filter>
    </ClCompile>
    <ClCompile Include="src\uniform_block.cpp">
      <Filter>src</Filter>
    </ClCompile>
    <ClCompile Include="src\text_block.cpp">
      <Filter>src</Filter>
    </ClCompile>
    <ClCompile Include="src\mesh.cpp">
      <Filter>src</Filter>
    </ClCompile>
    <ClCompile Include="src\math_helpers.cpp">
      <Filter>src</Filter>
    </ClCompile>
    <ClCompile Include="src\pipeline.cpp">
      <Filter>src</Filter>
    </ClCompile>
    <ClCompile Include="src\render_pass.cpp">
      <Filter>src</Filter>
    </ClCompile>
    <ClCompile Include="src\material.cpp">
      <Filter>src</Filter>
    </ClCompile>
    <ClCompile Include="src\token_file.cpp">
      <Filter>src</Filter>
    </ClCompile>
    <ClCompile Include="src\shader.cpp">
      <Filter>src</Filter>
    </ClCompile>
    <ClCompile Include="src\graphics_environment.cpp">
      <Filter>src</Filter>
    </ClCompile>
    <ClCompile Include="src\package.cpp">
      <Filter>src</Filter>
    </ClCompile>
    <ClCompile Include="src\texture.cpp">
      <Filter>src</Filter>
    </ClCompile>
    <ClCompile Include="src\sampler.cpp">
      <Filter>src</Filter>
    </ClCompile>
    <ClCompile Include="src\window.cpp">
      <Filter>src</Filter>
    </ClCompile>
    <ClCompile Include="src\transform.cpp">
      <Filter>src</Filter>
    </ClCompile>
    <ClCompile Include="src\swapchain.cpp">
      <Filter>src</Filter>
    </ClCompile>
    <ClCompile Include="src\node_view.cpp">
      <Filter>src</Filter>
    </ClCompile>
    <ClCompile Include="src\gizmo.cpp">
      <Filter>src</Filter>
    </ClCompile>
    <ClCompile Include="src\font.cpp">
      <Filter>src</Filter>
    </ClCompile>
    <ClCompile Include="src\command_buffer.cpp">
      <Filter>src</Filter>
    </ClCompile>
    <ClCompile Include="src\buffer.cpp">
      <Filter>src</Filter>
    </ClCompile>
    <ClCompile Include="src\debug.cpp">
      <Filter>src</Filter>
    </ClCompile>
    <ClCompile Include="src\exec.cpp">
      <Filter>src</Filter>
    </ClCompile>
    <ClCompile Include="src\node_scene.cpp">
      <Filter>src</Filter>
    </ClCompile>
    <ClCompile Include="src\asha_scene.cpp">
      <Filter>src</Filter>
    </ClCompile>
    <ClCompile Include="src\museum_scene.cpp">
      <Filter>src</Filter>
    </ClCompile>
  </ItemGroup>
  <ItemGroup>
    <ResourceCompile Include="hop-engine.rc">
      <Filter>Resource Files</Filter>
    </ResourceCompile>
  </ItemGroup>
  <ItemGroup>
    <Image Include="res\icon.ico">
      <Filter>Resource Files</Filter>
    </Image>
  </ItemGroup>
  <ItemGroup>
    <None Include="engine.hop" />
  </ItemGroup>
</Project>